
Microsoft Visual Studio Solution File, Format Version 12.00
# Visual Studio Version 16
VisualStudioVersion = 16.0.31005.135
MinimumVisualStudioVersion = 15.0.26124.0
Project("{2150E333-8FDC-42A3-9474-1A3956D46DE8}") = "Services", "Services", "{316126FB-31AD-403A-B600-CF5DC5489D43}"
EndProject
Project("{2150E333-8FDC-42A3-9474-1A3956D46DE8}") = "UserService", "UserService", "{4D6E8A7B-F6B3-4537-B0F8-253435E09388}"
EndProject
Project("{2150E333-8FDC-42A3-9474-1A3956D46DE8}") = "Common", "Common", "{4E35589F-5912-4F50-85F2-1909246512CD}"
EndProject
Project("{2150E333-8FDC-42A3-9474-1A3956D46DE8}") = "FollowService", "FollowService", "{9F321EF0-D855-465C-B704-102335DA377B}"
EndProject
Project("{9A19103F-16F7-4668-BE54-9A1E7A4F7556}") = "Kwetter.Services.Common.API", "Services\Common\API\Kwetter.Services.Common.API.csproj", "{D5A92877-F09A-43A6-88B8-63EA8C7DA6F8}"
EndProject
Project("{9A19103F-16F7-4668-BE54-9A1E7A4F7556}") = "Kwetter.Services.Common.Domain", "Services\Common\Domain\Kwetter.Services.Common.Domain.csproj", "{4A3014C8-9837-4C5D-AD92-C45E41E50C59}"
EndProject
Project("{9A19103F-16F7-4668-BE54-9A1E7A4F7556}") = "Kwetter.Services.Common.Infrastructure", "Services\Common\Infrastructure\Kwetter.Services.Common.Infrastructure.csproj", "{AA33994F-5485-48F5-9D9E-94428EEF0AA1}"
EndProject
Project("{9A19103F-16F7-4668-BE54-9A1E7A4F7556}") = "Kwetter.Services.FollowService.API", "Services\FollowService\API\Kwetter.Services.FollowService.API.csproj", "{CD80C2F6-122D-4CB9-9111-446A76AE909B}"
EndProject
Project("{9A19103F-16F7-4668-BE54-9A1E7A4F7556}") = "Kwetter.Services.UserService.API", "Services\UserService\API\Kwetter.Services.UserService.API.csproj", "{E60E4F81-3924-4115-B7C6-8D6D839C456B}"
EndProject
Project("{9A19103F-16F7-4668-BE54-9A1E7A4F7556}") = "Kwetter.Services.UserService.Domain", "Services\UserService\Domain\Kwetter.Services.UserService.Domain.csproj", "{C6C0E526-7569-492B-B23D-D41FFB48F09F}"
EndProject
Project("{9A19103F-16F7-4668-BE54-9A1E7A4F7556}") = "Kwetter.Services.UserService.Infrastructure", "Services\UserService\Infrastructure\Kwetter.Services.UserService.Infrastructure.csproj", "{2C074581-39B8-48AD-B870-14CDDCC87B6E}"
EndProject
Project("{9A19103F-16F7-4668-BE54-9A1E7A4F7556}") = "Kwetter.Services.UserService.Tests", "Services\UserService\Tests\Kwetter.Services.UserService.Tests.csproj", "{A5DEBC7B-20F4-4DB9-98C0-CD70FD13BA8E}"
EndProject
Project("{2150E333-8FDC-42A3-9474-1A3956D46DE8}") = "KweetService", "KweetService", "{022C31AD-8395-4A5F-B26F-87C89D45AEF0}"
EndProject
Project("{9A19103F-16F7-4668-BE54-9A1E7A4F7556}") = "Kwetter.Services.KweetService.Domain", "Services\KweetService\Domain\Kwetter.Services.KweetService.Domain.csproj", "{062F136D-3E86-4E91-AFF0-BB4F70D758D2}"
EndProject
Project("{9A19103F-16F7-4668-BE54-9A1E7A4F7556}") = "Kwetter.Services.KweetService.Tests", "Services\KweetService\Tests\Kwetter.Services.KweetService.Tests.csproj", "{C4501190-C70E-4637-B47E-B0F971282F11}"
EndProject
Project("{9A19103F-16F7-4668-BE54-9A1E7A4F7556}") = "Kwetter.Services.KweetService.API", "Services\KweetService\API\Kwetter.Services.KweetService.API.csproj", "{ACFD1C53-BF73-4E3A-BC43-E6D63216CEEF}"
EndProject
Project("{9A19103F-16F7-4668-BE54-9A1E7A4F7556}") = "Kwetter.Services.KweetService.Infrastructure", "Services\KweetService\Infrastructure\Kwetter.Services.KweetService.Infrastructure.csproj", "{173F3A16-FC31-401D-A7E0-853D92BEADCC}"
EndProject
Project("{9A19103F-16F7-4668-BE54-9A1E7A4F7556}") = "Kwetter.Services.FollowService.Domain", "Services\FollowService\Domain\Kwetter.Services.FollowService.Domain.csproj", "{27A3F408-B1BD-4F93-9565-DA3A9F1816B1}"
EndProject
Project("{9A19103F-16F7-4668-BE54-9A1E7A4F7556}") = "Kwetter.Services.FollowService.Infrastructure", "Services\FollowService\Infrastructure\Kwetter.Services.FollowService.Infrastructure.csproj", "{8F1F6AE5-4364-445D-B709-1E38C812F544}"
EndProject
Project("{9A19103F-16F7-4668-BE54-9A1E7A4F7556}") = "Kwetter.Services.FollowService.Tests", "Services\FollowService\Tests\Kwetter.Services.FollowService.Tests.csproj", "{B9B103AC-E873-442D-8BC7-0518CD4204DE}"
EndProject
Project("{9A19103F-16F7-4668-BE54-9A1E7A4F7556}") = "Kwetter.Services.Common.Tests", "Services\Common\Tests\Kwetter.Services.Common.Tests.csproj", "{24178356-15A5-4998-9FA2-9C2016927CB7}"
EndProject
Project("{2150E333-8FDC-42A3-9474-1A3956D46DE8}") = "Frontend", "Frontend", "{F26715E8-9157-4A2E-AA15-36F474881ED5}"
EndProject
Project("{9092AA53-FB77-4645-B42D-1CCCA6BD08BD}") = "Frontend.WebUI", "Frontend\Frontend.WebUI\Frontend.WebUI.njsproj", "{7C6F3847-A078-446D-B0A7-EC613098FD53}"
EndProject
Project("{2150E333-8FDC-42A3-9474-1A3956D46DE8}") = "AuthorizationService", "AuthorizationService", "{C517E800-C54B-4238-85EA-D82547E759A5}"
EndProject
Project("{9A19103F-16F7-4668-BE54-9A1E7A4F7556}") = "Kwetter.Services.AuthorizationService.API", "Services\AuthorizationService\API\Kwetter.Services.AuthorizationService.API.csproj", "{494E238A-6CD6-4A99-A984-6C7F0C0DD4F5}"
EndProject
Project("{9A19103F-16F7-4668-BE54-9A1E7A4F7556}") = "Kwetter.Services.AuthorizationService.Domain", "Services\AuthorizationService\Domain\Kwetter.Services.AuthorizationService.Domain.csproj", "{A81E1314-5922-405B-B135-5E4D8E8CC53B}"
EndProject
Project("{9A19103F-16F7-4668-BE54-9A1E7A4F7556}") = "Kwetter.Services.AuthorizationService.Infrastructure", "Services\AuthorizationService\Infrastructure\Kwetter.Services.AuthorizationService.Infrastructure.csproj", "{C2E1F3DE-8568-47B4-AFE5-9D62050E0650}"
EndProject
Project("{9A19103F-16F7-4668-BE54-9A1E7A4F7556}") = "Kwetter.Services.AuthorizationService.Tests", "Services\AuthorizationService\Tests\Kwetter.Services.AuthorizationService.Tests.csproj", "{56577F7C-CA71-4727-BDA1-E9F3B5A82C79}"
EndProject
Project("{9A19103F-16F7-4668-BE54-9A1E7A4F7556}") = "Kwetter.Services.Common.Application", "Services\Common\Application\Kwetter.Services.Common.Application.csproj", "{361CDA62-631F-44A6-8AE7-9995DC299F96}"
EndProject
Project("{2150E333-8FDC-42A3-9474-1A3956D46DE8}") = "TimelineService", "TimelineService", "{B3BC9EA4-5BD1-47DD-9B85-03CFE1BE71F8}"
EndProject
Project("{9A19103F-16F7-4668-BE54-9A1E7A4F7556}") = "Kwetter.Services.TimelineService.Domain", "Services\TimelineService\Domain\Kwetter.Services.TimelineService.Domain.csproj", "{95BD6ACB-D122-4B73-9663-D974F85852D9}"
EndProject
Project("{9A19103F-16F7-4668-BE54-9A1E7A4F7556}") = "Kwetter.Services.TimelineService.Infrastructure", "Services\TimelineService\Infrastructure\Kwetter.Services.TimelineService.Infrastructure.csproj", "{59E2F2AF-BCFF-45A1-BFA4-8FDA1514BB75}"
EndProject
Project("{9A19103F-16F7-4668-BE54-9A1E7A4F7556}") = "Kwetter.Services.TimelineService.API", "Services\TimelineService\API\Kwetter.Services.TimelineService.API.csproj", "{B3E32FBF-1A84-48B3-898D-C1706912DE04}"
EndProject
Project("{2150E333-8FDC-42A3-9474-1A3956D46DE8}") = "docs", "docs", "{6D06590F-5596-4DD5-9398-BDA2A6FD7FB2}"
	ProjectSection(SolutionItems) = preProject
		..\commands.md = ..\commands.md
		..\docs\minikube-setup.md = ..\docs\minikube-setup.md
		..\docs\production-setup.md = ..\docs\production-setup.md
	EndProjectSection
EndProject
Project("{2150E333-8FDC-42A3-9474-1A3956D46DE8}") = "queries", "queries", "{073E84ED-63CC-447D-9B04-D3D28F0E2BC6}"
	ProjectSection(SolutionItems) = preProject
		..\docs\queries\Seed.cypher = ..\docs\queries\Seed.cypher
		..\docs\queries\Working_timeline.cypher = ..\docs\queries\Working_timeline.cypher
	EndProjectSection
EndProject
Project("{2150E333-8FDC-42A3-9474-1A3956D46DE8}") = "K8s", "K8s", "{AC4D1981-C4B8-484D-8302-FB94B92F96E6}"
	ProjectSection(SolutionItems) = preProject
		..\K8s\kwetter-namespace.yaml = ..\K8s\kwetter-namespace.yaml
		..\K8s\kwetter-storage-class.yaml = ..\K8s\kwetter-storage-class.yaml
		..\K8s\metrics-server.yaml = ..\K8s\metrics-server.yaml
		..\K8s\networking.yaml = ..\K8s\networking.yaml
	EndProjectSection
EndProject
Project("{2150E333-8FDC-42A3-9474-1A3956D46DE8}") = "EventStore", "EventStore", "{FACEADC9-5FD0-40C9-AF3A-E36A7432C97C}"
	ProjectSection(SolutionItems) = preProject
		..\K8s\EventStore\eventstore-storage-persistent-volume-and-claim.yaml = ..\K8s\EventStore\eventstore-storage-persistent-volume-and-claim.yaml
		..\K8s\EventStore\eventstore.deployment.yaml = ..\K8s\EventStore\eventstore.deployment.yaml
	EndProjectSection
EndProject
Project("{2150E333-8FDC-42A3-9474-1A3956D46DE8}") = "cluster", "cluster", "{F9BCEB9F-B402-43C1-ADB3-78AD73ABC246}"
	ProjectSection(SolutionItems) = preProject
		..\K8s\EventStore\cluster\eventstore-pv-1.yaml = ..\K8s\EventStore\cluster\eventstore-pv-1.yaml
		..\K8s\EventStore\cluster\eventstore-pv-2.yaml = ..\K8s\EventStore\cluster\eventstore-pv-2.yaml
		..\K8s\EventStore\cluster\eventstore.statefulset.yaml = ..\K8s\EventStore\cluster\eventstore.statefulset.yaml
	EndProjectSection
EndProject
Project("{2150E333-8FDC-42A3-9474-1A3956D46DE8}") = "Istio", "Istio", "{2D6D62DF-B1D1-4080-8719-3AB7FE201E6B}"
	ProjectSection(SolutionItems) = preProject
		..\K8s\Istio\kwetter-istio-gateway.yaml = ..\K8s\Istio\kwetter-istio-gateway.yaml
	EndProjectSection
EndProject
Project("{2150E333-8FDC-42A3-9474-1A3956D46DE8}") = "MetalLB", "MetalLB", "{6EA8792F-CA38-4441-861C-BE169A40FB15}"
	ProjectSection(SolutionItems) = preProject
		..\K8s\MetalLB\kwetter-metal-loadbalancer-layer-2-config.yaml = ..\K8s\MetalLB\kwetter-metal-loadbalancer-layer-2-config.yaml
	EndProjectSection
EndProject
Project("{2150E333-8FDC-42A3-9474-1A3956D46DE8}") = "Minikube", "Minikube", "{71E16994-F03B-4BB1-A499-6BAF7199F4B2}"
	ProjectSection(SolutionItems) = preProject
		..\K8s\Minikube\eventstore-storage-persistent-volume-and-claim.yaml = ..\K8s\Minikube\eventstore-storage-persistent-volume-and-claim.yaml
		..\K8s\Minikube\kwetter-authorization-storage-persistent-volume-and-claim.yaml = ..\K8s\Minikube\kwetter-authorization-storage-persistent-volume-and-claim.yaml
		..\K8s\Minikube\kwetter-follow-storage-persistent-volume-and-claim.yaml = ..\K8s\Minikube\kwetter-follow-storage-persistent-volume-and-claim.yaml
		..\K8s\Minikube\kwetter-kweet-storage-persistent-volume-and-claim.yaml = ..\K8s\Minikube\kwetter-kweet-storage-persistent-volume-and-claim.yaml
		..\K8s\Minikube\kwetter-user-storage-persistent-volume-and-claim.yaml = ..\K8s\Minikube\kwetter-user-storage-persistent-volume-and-claim.yaml
		..\K8s\Minikube\neo4j-storage-persistent-volume-and-claim.yaml = ..\K8s\Minikube\neo4j-storage-persistent-volume-and-claim.yaml
		..\K8s\Minikube\rabbit-pv-1.yaml = ..\K8s\Minikube\rabbit-pv-1.yaml
		..\K8s\Minikube\rabbit-pv-2.yaml = ..\K8s\Minikube\rabbit-pv-2.yaml
		..\K8s\Minikube\rabbit-pv-3.yaml = ..\K8s\Minikube\rabbit-pv-3.yaml
		..\K8s\Minikube\rabbit-pv.yaml = ..\K8s\Minikube\rabbit-pv.yaml
		..\K8s\Minikube\redis-storage-persistent-volume-and-claim.yaml = ..\K8s\Minikube\redis-storage-persistent-volume-and-claim.yaml
	EndProjectSection
EndProject
Project("{2150E333-8FDC-42A3-9474-1A3956D46DE8}") = "rabbitmq", "rabbitmq", "{3A444BA7-0C8F-4AFB-95A7-057705612009}"
	ProjectSection(SolutionItems) = preProject
		..\K8s\rabbitmq\rabbit-configmap.yaml = ..\K8s\rabbitmq\rabbit-configmap.yaml
		..\K8s\rabbitmq\rabbit-pv-1.yaml = ..\K8s\rabbitmq\rabbit-pv-1.yaml
		..\K8s\rabbitmq\rabbit-pv-2.yaml = ..\K8s\rabbitmq\rabbit-pv-2.yaml
		..\K8s\rabbitmq\rabbit-pv-3.yaml = ..\K8s\rabbitmq\rabbit-pv-3.yaml
		..\K8s\rabbitmq\rabbit-pv.yaml = ..\K8s\rabbitmq\rabbit-pv.yaml
		..\K8s\rabbitmq\rabbit-rbac.yaml = ..\K8s\rabbitmq\rabbit-rbac.yaml
		..\K8s\rabbitmq\rabbit-statefulset.yaml = ..\K8s\rabbitmq\rabbit-statefulset.yaml
	EndProjectSection
EndProject
Project("{2150E333-8FDC-42A3-9474-1A3956D46DE8}") = "services", "services", "{732B40E6-6403-4361-9364-23E08475E2BF}"
EndProject
Project("{2150E333-8FDC-42A3-9474-1A3956D46DE8}") = "secrets", "secrets", "{C70C6332-84D2-4B83-BDA2-5594D8C36C74}"
	ProjectSection(SolutionItems) = preProject
		..\K8s\secrets\kwetter-authorization-db-secret.yaml = ..\K8s\secrets\kwetter-authorization-db-secret.yaml
		..\K8s\secrets\kwetter-authorization-service-secret.yaml = ..\K8s\secrets\kwetter-authorization-service-secret.yaml
		..\K8s\secrets\kwetter-follow-db-secret.yaml = ..\K8s\secrets\kwetter-follow-db-secret.yaml
		..\K8s\secrets\kwetter-follow-service-secret.yaml = ..\K8s\secrets\kwetter-follow-service-secret.yaml
		..\K8s\secrets\kwetter-kweet-db-secret.yaml = ..\K8s\secrets\kwetter-kweet-db-secret.yaml
		..\K8s\secrets\kwetter-kweet-service-secret.yaml = ..\K8s\secrets\kwetter-kweet-service-secret.yaml
		..\K8s\secrets\kwetter-notification-service-secret.yaml = ..\K8s\secrets\kwetter-notification-service-secret.yaml
		..\K8s\secrets\kwetter-timeline-service-secret.yaml = ..\K8s\secrets\kwetter-timeline-service-secret.yaml
		..\K8s\secrets\kwetter-user-db-secret.yaml = ..\K8s\secrets\kwetter-user-db-secret.yaml
		..\K8s\secrets\kwetter-user-service-secret.yaml = ..\K8s\secrets\kwetter-user-service-secret.yaml
		..\K8s\secrets\neo4j-secret.yaml = ..\K8s\secrets\neo4j-secret.yaml
		..\K8s\secrets\rabbit-secret.yaml = ..\K8s\secrets\rabbit-secret.yaml
	EndProjectSection
EndProject
Project("{2150E333-8FDC-42A3-9474-1A3956D46DE8}") = "authorization-service", "authorization-service", "{6FE94FE8-EF0C-4A88-A923-1076C5FF5A5D}"
	ProjectSection(SolutionItems) = preProject
		..\K8s\services\authorization-service\kwetter-authorization-db.deployment.yaml = ..\K8s\services\authorization-service\kwetter-authorization-db.deployment.yaml
		..\K8s\services\authorization-service\kwetter-authorization-service.autoscaler.yaml = ..\K8s\services\authorization-service\kwetter-authorization-service.autoscaler.yaml
		..\K8s\services\authorization-service\kwetter-authorization-service.deployment.yaml = ..\K8s\services\authorization-service\kwetter-authorization-service.deployment.yaml
		..\K8s\services\authorization-service\kwetter-authorization-storage-persistent-volume-and-claim.yaml = ..\K8s\services\authorization-service\kwetter-authorization-storage-persistent-volume-and-claim.yaml
	EndProjectSection
EndProject
Project("{2150E333-8FDC-42A3-9474-1A3956D46DE8}") = "kweet-service", "kweet-service", "{339023D9-46CF-4BD3-A44F-D556BC363611}"
	ProjectSection(SolutionItems) = preProject
		..\K8s\services\kweet-service\kwetter-kweet-db.deployment.yaml = ..\K8s\services\kweet-service\kwetter-kweet-db.deployment.yaml
		..\K8s\services\kweet-service\kwetter-kweet-service.deployment.yaml = ..\K8s\services\kweet-service\kwetter-kweet-service.deployment.yaml
		..\K8s\services\kweet-service\kwetter-kweet-storage-persistent-volume-and-claim.yaml = ..\K8s\services\kweet-service\kwetter-kweet-storage-persistent-volume-and-claim.yaml
	EndProjectSection
EndProject
Project("{2150E333-8FDC-42A3-9474-1A3956D46DE8}") = "user-service", "user-service", "{3D4CF2F0-CC99-444C-A62E-8DAC30E6873E}"
	ProjectSection(SolutionItems) = preProject
		..\K8s\services\user-service\kwetter-user-db.deployment.yaml = ..\K8s\services\user-service\kwetter-user-db.deployment.yaml
		..\K8s\services\user-service\kwetter-user-service.deployment.yaml = ..\K8s\services\user-service\kwetter-user-service.deployment.yaml
		..\K8s\services\user-service\kwetter-user-storage-persistent-volume-and-claim.yaml = ..\K8s\services\user-service\kwetter-user-storage-persistent-volume-and-claim.yaml
	EndProjectSection
EndProject
Project("{2150E333-8FDC-42A3-9474-1A3956D46DE8}") = "follow-service", "follow-service", "{AF6D06CE-3273-483A-9EBF-3746A01FB578}"
	ProjectSection(SolutionItems) = preProject
		..\K8s\services\follow-service\kwetter-follow-db.deployment.yaml = ..\K8s\services\follow-service\kwetter-follow-db.deployment.yaml
		..\K8s\services\follow-service\kwetter-follow-service.deployment.yaml = ..\K8s\services\follow-service\kwetter-follow-service.deployment.yaml
		..\K8s\services\follow-service\kwetter-follow-storage-persistent-volume-and-claim.yaml = ..\K8s\services\follow-service\kwetter-follow-storage-persistent-volume-and-claim.yaml
	EndProjectSection
EndProject
Project("{2150E333-8FDC-42A3-9474-1A3956D46DE8}") = "NotificationService", "NotificationService", "{43749B9E-8FBA-42A7-A3B9-75ECEC9EF06E}"
EndProject
Project("{9A19103F-16F7-4668-BE54-9A1E7A4F7556}") = "Kwetter.Services.NotificationService.API", "Services\NotificationService\API\Kwetter.Services.NotificationService.API.csproj", "{105EE2F5-B93C-4846-ABE5-49A376C5B7A2}"
EndProject
Project("{2150E333-8FDC-42A3-9474-1A3956D46DE8}") = "timeline-service", "timeline-service", "{47946B68-BD05-4D83-9201-E1E3863A5AF6}"
	ProjectSection(SolutionItems) = preProject
		..\K8s\services\timeline-service\kwetter-timeline-service.deployment.yaml = ..\K8s\services\timeline-service\kwetter-timeline-service.deployment.yaml
	EndProjectSection
EndProject
Project("{2150E333-8FDC-42A3-9474-1A3956D46DE8}") = "notification-service", "notification-service", "{477DC511-6D28-41E0-97A6-070FEFD7CD76}"
	ProjectSection(SolutionItems) = preProject
		..\K8s\services\notification-service\kwetter-notification-service.deployment.yaml = ..\K8s\services\notification-service\kwetter-notification-service.deployment.yaml
	EndProjectSection
EndProject
Project("{9A19103F-16F7-4668-BE54-9A1E7A4F7556}") = "Kwetter.Services.NotificationService.Infrastructure", "Services\NotificationService\Infrastructure\Kwetter.Services.NotificationService.Infrastructure.csproj", "{5AA6C1B2-8B15-4EE3-8F7A-87D36A2A3664}"
EndProject
Project("{9A19103F-16F7-4668-BE54-9A1E7A4F7556}") = "Kwetter.Services.NotificationService.Domain", "Services\NotificationService\Domain\Kwetter.Services.NotificationService.Domain.csproj", "{DDD14B80-8B1B-4763-A19B-1F6759C292BA}"
EndProject
Project("{2150E333-8FDC-42A3-9474-1A3956D46DE8}") = "redis", "redis", "{63EEAFB7-2AE3-4E18-8A79-2EC519DB015C}"
	ProjectSection(SolutionItems) = preProject
		..\K8s\redis\redis-configmap.yaml = ..\K8s\redis\redis-configmap.yaml
		..\K8s\redis\redis-storage-persistent-volume-and-claim.yaml = ..\K8s\redis\redis-storage-persistent-volume-and-claim.yaml
		..\K8s\redis\redis.deployment.yaml = ..\K8s\redis\redis.deployment.yaml
	EndProjectSection
EndProject
Project("{2150E333-8FDC-42A3-9474-1A3956D46DE8}") = "neo4j", "neo4j", "{B1243551-7F56-4B32-9B9D-3BFE8C4BF964}"
	ProjectSection(SolutionItems) = preProject
		..\K8s\neo4j\neo4j-storage-persistent-volume-and-claim.yaml = ..\K8s\neo4j\neo4j-storage-persistent-volume-and-claim.yaml
		..\K8s\neo4j\neo4j.deployment.yaml = ..\K8s\neo4j\neo4j.deployment.yaml
	EndProjectSection
EndProject
Project("{2150E333-8FDC-42A3-9474-1A3956D46DE8}") = "Testing", "Testing", "{1FE90F2E-C3E4-4962-950A-FBD9FB6B53C4}"
EndProject
Project("{9092AA53-FB77-4645-B42D-1CCCA6BD08BD}") = "Kwetter.LoadTests", "Testing\Kwetter.LoadTests\Kwetter.LoadTests.njsproj", "{EC90CA15-9174-4922-85C8-6D601D891733}"
EndProject
Global
	GlobalSection(SolutionConfigurationPlatforms) = preSolution
		Debug|Any CPU = Debug|Any CPU
		Release|Any CPU = Release|Any CPU
		Services Build|Any CPU = Services Build|Any CPU
		Services Release|Any CPU = Services Release|Any CPU
	EndGlobalSection
	GlobalSection(ProjectConfigurationPlatforms) = postSolution
		{D5A92877-F09A-43A6-88B8-63EA8C7DA6F8}.Debug|Any CPU.ActiveCfg = Debug|Any CPU
		{D5A92877-F09A-43A6-88B8-63EA8C7DA6F8}.Debug|Any CPU.Build.0 = Debug|Any CPU
		{D5A92877-F09A-43A6-88B8-63EA8C7DA6F8}.Release|Any CPU.ActiveCfg = Release|Any CPU
		{D5A92877-F09A-43A6-88B8-63EA8C7DA6F8}.Release|Any CPU.Build.0 = Release|Any CPU
		{D5A92877-F09A-43A6-88B8-63EA8C7DA6F8}.Services Build|Any CPU.ActiveCfg = Services Build|Any CPU
		{D5A92877-F09A-43A6-88B8-63EA8C7DA6F8}.Services Build|Any CPU.Build.0 = Services Build|Any CPU
		{D5A92877-F09A-43A6-88B8-63EA8C7DA6F8}.Services Release|Any CPU.ActiveCfg = Services Release|Any CPU
		{D5A92877-F09A-43A6-88B8-63EA8C7DA6F8}.Services Release|Any CPU.Build.0 = Services Release|Any CPU
		{4A3014C8-9837-4C5D-AD92-C45E41E50C59}.Debug|Any CPU.ActiveCfg = Debug|Any CPU
		{4A3014C8-9837-4C5D-AD92-C45E41E50C59}.Debug|Any CPU.Build.0 = Debug|Any CPU
		{4A3014C8-9837-4C5D-AD92-C45E41E50C59}.Release|Any CPU.ActiveCfg = Release|Any CPU
		{4A3014C8-9837-4C5D-AD92-C45E41E50C59}.Release|Any CPU.Build.0 = Release|Any CPU
		{4A3014C8-9837-4C5D-AD92-C45E41E50C59}.Services Build|Any CPU.ActiveCfg = Services Build|Any CPU
		{4A3014C8-9837-4C5D-AD92-C45E41E50C59}.Services Build|Any CPU.Build.0 = Services Build|Any CPU
		{4A3014C8-9837-4C5D-AD92-C45E41E50C59}.Services Release|Any CPU.ActiveCfg = Services Release|Any CPU
		{4A3014C8-9837-4C5D-AD92-C45E41E50C59}.Services Release|Any CPU.Build.0 = Services Release|Any CPU
		{AA33994F-5485-48F5-9D9E-94428EEF0AA1}.Debug|Any CPU.ActiveCfg = Debug|Any CPU
		{AA33994F-5485-48F5-9D9E-94428EEF0AA1}.Debug|Any CPU.Build.0 = Debug|Any CPU
		{AA33994F-5485-48F5-9D9E-94428EEF0AA1}.Release|Any CPU.ActiveCfg = Release|Any CPU
		{AA33994F-5485-48F5-9D9E-94428EEF0AA1}.Release|Any CPU.Build.0 = Release|Any CPU
		{AA33994F-5485-48F5-9D9E-94428EEF0AA1}.Services Build|Any CPU.ActiveCfg = Services Build|Any CPU
		{AA33994F-5485-48F5-9D9E-94428EEF0AA1}.Services Build|Any CPU.Build.0 = Services Build|Any CPU
		{AA33994F-5485-48F5-9D9E-94428EEF0AA1}.Services Release|Any CPU.ActiveCfg = Services Release|Any CPU
		{AA33994F-5485-48F5-9D9E-94428EEF0AA1}.Services Release|Any CPU.Build.0 = Services Release|Any CPU
		{CD80C2F6-122D-4CB9-9111-446A76AE909B}.Debug|Any CPU.ActiveCfg = Debug|Any CPU
		{CD80C2F6-122D-4CB9-9111-446A76AE909B}.Debug|Any CPU.Build.0 = Debug|Any CPU
		{CD80C2F6-122D-4CB9-9111-446A76AE909B}.Release|Any CPU.ActiveCfg = Release|Any CPU
		{CD80C2F6-122D-4CB9-9111-446A76AE909B}.Release|Any CPU.Build.0 = Release|Any CPU
		{CD80C2F6-122D-4CB9-9111-446A76AE909B}.Services Build|Any CPU.ActiveCfg = Services Build|Any CPU
		{CD80C2F6-122D-4CB9-9111-446A76AE909B}.Services Build|Any CPU.Build.0 = Services Build|Any CPU
		{CD80C2F6-122D-4CB9-9111-446A76AE909B}.Services Release|Any CPU.ActiveCfg = Services Release|Any CPU
		{CD80C2F6-122D-4CB9-9111-446A76AE909B}.Services Release|Any CPU.Build.0 = Services Release|Any CPU
		{E60E4F81-3924-4115-B7C6-8D6D839C456B}.Debug|Any CPU.ActiveCfg = Debug|Any CPU
		{E60E4F81-3924-4115-B7C6-8D6D839C456B}.Debug|Any CPU.Build.0 = Debug|Any CPU
		{E60E4F81-3924-4115-B7C6-8D6D839C456B}.Release|Any CPU.ActiveCfg = Release|Any CPU
		{E60E4F81-3924-4115-B7C6-8D6D839C456B}.Release|Any CPU.Build.0 = Release|Any CPU
		{E60E4F81-3924-4115-B7C6-8D6D839C456B}.Services Build|Any CPU.ActiveCfg = Services Build|Any CPU
		{E60E4F81-3924-4115-B7C6-8D6D839C456B}.Services Build|Any CPU.Build.0 = Services Build|Any CPU
		{E60E4F81-3924-4115-B7C6-8D6D839C456B}.Services Release|Any CPU.ActiveCfg = Services Release|Any CPU
		{E60E4F81-3924-4115-B7C6-8D6D839C456B}.Services Release|Any CPU.Build.0 = Services Release|Any CPU
		{C6C0E526-7569-492B-B23D-D41FFB48F09F}.Debug|Any CPU.ActiveCfg = Debug|Any CPU
		{C6C0E526-7569-492B-B23D-D41FFB48F09F}.Debug|Any CPU.Build.0 = Debug|Any CPU
		{C6C0E526-7569-492B-B23D-D41FFB48F09F}.Release|Any CPU.ActiveCfg = Release|Any CPU
		{C6C0E526-7569-492B-B23D-D41FFB48F09F}.Release|Any CPU.Build.0 = Release|Any CPU
		{C6C0E526-7569-492B-B23D-D41FFB48F09F}.Services Build|Any CPU.ActiveCfg = Services Build|Any CPU
		{C6C0E526-7569-492B-B23D-D41FFB48F09F}.Services Build|Any CPU.Build.0 = Services Build|Any CPU
		{C6C0E526-7569-492B-B23D-D41FFB48F09F}.Services Release|Any CPU.ActiveCfg = Services Release|Any CPU
		{C6C0E526-7569-492B-B23D-D41FFB48F09F}.Services Release|Any CPU.Build.0 = Services Release|Any CPU
		{2C074581-39B8-48AD-B870-14CDDCC87B6E}.Debug|Any CPU.ActiveCfg = Debug|Any CPU
		{2C074581-39B8-48AD-B870-14CDDCC87B6E}.Debug|Any CPU.Build.0 = Debug|Any CPU
		{2C074581-39B8-48AD-B870-14CDDCC87B6E}.Release|Any CPU.ActiveCfg = Release|Any CPU
		{2C074581-39B8-48AD-B870-14CDDCC87B6E}.Release|Any CPU.Build.0 = Release|Any CPU
		{2C074581-39B8-48AD-B870-14CDDCC87B6E}.Services Build|Any CPU.ActiveCfg = Services Build|Any CPU
		{2C074581-39B8-48AD-B870-14CDDCC87B6E}.Services Build|Any CPU.Build.0 = Services Build|Any CPU
		{2C074581-39B8-48AD-B870-14CDDCC87B6E}.Services Release|Any CPU.ActiveCfg = Services Release|Any CPU
		{2C074581-39B8-48AD-B870-14CDDCC87B6E}.Services Release|Any CPU.Build.0 = Services Release|Any CPU
		{A5DEBC7B-20F4-4DB9-98C0-CD70FD13BA8E}.Debug|Any CPU.ActiveCfg = Debug|Any CPU
		{A5DEBC7B-20F4-4DB9-98C0-CD70FD13BA8E}.Debug|Any CPU.Build.0 = Debug|Any CPU
		{A5DEBC7B-20F4-4DB9-98C0-CD70FD13BA8E}.Release|Any CPU.ActiveCfg = Release|Any CPU
		{A5DEBC7B-20F4-4DB9-98C0-CD70FD13BA8E}.Release|Any CPU.Build.0 = Release|Any CPU
		{A5DEBC7B-20F4-4DB9-98C0-CD70FD13BA8E}.Services Build|Any CPU.ActiveCfg = Services Build|Any CPU
		{A5DEBC7B-20F4-4DB9-98C0-CD70FD13BA8E}.Services Build|Any CPU.Build.0 = Services Build|Any CPU
		{A5DEBC7B-20F4-4DB9-98C0-CD70FD13BA8E}.Services Release|Any CPU.ActiveCfg = Services Release|Any CPU
		{062F136D-3E86-4E91-AFF0-BB4F70D758D2}.Debug|Any CPU.ActiveCfg = Debug|Any CPU
		{062F136D-3E86-4E91-AFF0-BB4F70D758D2}.Debug|Any CPU.Build.0 = Debug|Any CPU
		{062F136D-3E86-4E91-AFF0-BB4F70D758D2}.Release|Any CPU.ActiveCfg = Release|Any CPU
		{062F136D-3E86-4E91-AFF0-BB4F70D758D2}.Release|Any CPU.Build.0 = Release|Any CPU
		{062F136D-3E86-4E91-AFF0-BB4F70D758D2}.Services Build|Any CPU.ActiveCfg = Services Build|Any CPU
		{062F136D-3E86-4E91-AFF0-BB4F70D758D2}.Services Build|Any CPU.Build.0 = Services Build|Any CPU
		{062F136D-3E86-4E91-AFF0-BB4F70D758D2}.Services Release|Any CPU.ActiveCfg = Services Release|Any CPU
		{062F136D-3E86-4E91-AFF0-BB4F70D758D2}.Services Release|Any CPU.Build.0 = Services Release|Any CPU
		{C4501190-C70E-4637-B47E-B0F971282F11}.Debug|Any CPU.ActiveCfg = Debug|Any CPU
		{C4501190-C70E-4637-B47E-B0F971282F11}.Debug|Any CPU.Build.0 = Debug|Any CPU
		{C4501190-C70E-4637-B47E-B0F971282F11}.Release|Any CPU.ActiveCfg = Release|Any CPU
		{C4501190-C70E-4637-B47E-B0F971282F11}.Release|Any CPU.Build.0 = Release|Any CPU
		{C4501190-C70E-4637-B47E-B0F971282F11}.Services Build|Any CPU.ActiveCfg = Services Build|Any CPU
		{C4501190-C70E-4637-B47E-B0F971282F11}.Services Build|Any CPU.Build.0 = Services Build|Any CPU
		{C4501190-C70E-4637-B47E-B0F971282F11}.Services Release|Any CPU.ActiveCfg = Services Release|Any CPU
		{ACFD1C53-BF73-4E3A-BC43-E6D63216CEEF}.Debug|Any CPU.ActiveCfg = Debug|Any CPU
		{ACFD1C53-BF73-4E3A-BC43-E6D63216CEEF}.Debug|Any CPU.Build.0 = Debug|Any CPU
		{ACFD1C53-BF73-4E3A-BC43-E6D63216CEEF}.Release|Any CPU.ActiveCfg = Release|Any CPU
		{ACFD1C53-BF73-4E3A-BC43-E6D63216CEEF}.Release|Any CPU.Build.0 = Release|Any CPU
		{ACFD1C53-BF73-4E3A-BC43-E6D63216CEEF}.Services Build|Any CPU.ActiveCfg = Services Build|Any CPU
		{ACFD1C53-BF73-4E3A-BC43-E6D63216CEEF}.Services Build|Any CPU.Build.0 = Services Build|Any CPU
		{ACFD1C53-BF73-4E3A-BC43-E6D63216CEEF}.Services Release|Any CPU.ActiveCfg = Services Release|Any CPU
		{ACFD1C53-BF73-4E3A-BC43-E6D63216CEEF}.Services Release|Any CPU.Build.0 = Services Release|Any CPU
		{173F3A16-FC31-401D-A7E0-853D92BEADCC}.Debug|Any CPU.ActiveCfg = Debug|Any CPU
		{173F3A16-FC31-401D-A7E0-853D92BEADCC}.Debug|Any CPU.Build.0 = Debug|Any CPU
		{173F3A16-FC31-401D-A7E0-853D92BEADCC}.Release|Any CPU.ActiveCfg = Release|Any CPU
		{173F3A16-FC31-401D-A7E0-853D92BEADCC}.Release|Any CPU.Build.0 = Release|Any CPU
		{173F3A16-FC31-401D-A7E0-853D92BEADCC}.Services Build|Any CPU.ActiveCfg = Services Build|Any CPU
		{173F3A16-FC31-401D-A7E0-853D92BEADCC}.Services Build|Any CPU.Build.0 = Services Build|Any CPU
		{173F3A16-FC31-401D-A7E0-853D92BEADCC}.Services Release|Any CPU.ActiveCfg = Services Release|Any CPU
		{173F3A16-FC31-401D-A7E0-853D92BEADCC}.Services Release|Any CPU.Build.0 = Services Release|Any CPU
		{27A3F408-B1BD-4F93-9565-DA3A9F1816B1}.Debug|Any CPU.ActiveCfg = Debug|Any CPU
		{27A3F408-B1BD-4F93-9565-DA3A9F1816B1}.Debug|Any CPU.Build.0 = Debug|Any CPU
		{27A3F408-B1BD-4F93-9565-DA3A9F1816B1}.Release|Any CPU.ActiveCfg = Release|Any CPU
		{27A3F408-B1BD-4F93-9565-DA3A9F1816B1}.Release|Any CPU.Build.0 = Release|Any CPU
		{27A3F408-B1BD-4F93-9565-DA3A9F1816B1}.Services Build|Any CPU.ActiveCfg = Services Build|Any CPU
		{27A3F408-B1BD-4F93-9565-DA3A9F1816B1}.Services Build|Any CPU.Build.0 = Services Build|Any CPU
		{27A3F408-B1BD-4F93-9565-DA3A9F1816B1}.Services Release|Any CPU.ActiveCfg = Services Release|Any CPU
		{27A3F408-B1BD-4F93-9565-DA3A9F1816B1}.Services Release|Any CPU.Build.0 = Services Release|Any CPU
		{8F1F6AE5-4364-445D-B709-1E38C812F544}.Debug|Any CPU.ActiveCfg = Debug|Any CPU
		{8F1F6AE5-4364-445D-B709-1E38C812F544}.Debug|Any CPU.Build.0 = Debug|Any CPU
		{8F1F6AE5-4364-445D-B709-1E38C812F544}.Release|Any CPU.ActiveCfg = Release|Any CPU
		{8F1F6AE5-4364-445D-B709-1E38C812F544}.Release|Any CPU.Build.0 = Release|Any CPU
		{8F1F6AE5-4364-445D-B709-1E38C812F544}.Services Build|Any CPU.ActiveCfg = Services Build|Any CPU
		{8F1F6AE5-4364-445D-B709-1E38C812F544}.Services Build|Any CPU.Build.0 = Services Build|Any CPU
		{8F1F6AE5-4364-445D-B709-1E38C812F544}.Services Release|Any CPU.ActiveCfg = Services Release|Any CPU
		{8F1F6AE5-4364-445D-B709-1E38C812F544}.Services Release|Any CPU.Build.0 = Services Release|Any CPU
		{B9B103AC-E873-442D-8BC7-0518CD4204DE}.Debug|Any CPU.ActiveCfg = Debug|Any CPU
		{B9B103AC-E873-442D-8BC7-0518CD4204DE}.Debug|Any CPU.Build.0 = Debug|Any CPU
		{B9B103AC-E873-442D-8BC7-0518CD4204DE}.Release|Any CPU.ActiveCfg = Release|Any CPU
		{B9B103AC-E873-442D-8BC7-0518CD4204DE}.Release|Any CPU.Build.0 = Release|Any CPU
		{B9B103AC-E873-442D-8BC7-0518CD4204DE}.Services Build|Any CPU.ActiveCfg = Services Build|Any CPU
		{B9B103AC-E873-442D-8BC7-0518CD4204DE}.Services Build|Any CPU.Build.0 = Services Build|Any CPU
		{B9B103AC-E873-442D-8BC7-0518CD4204DE}.Services Release|Any CPU.ActiveCfg = Services Release|Any CPU
		{24178356-15A5-4998-9FA2-9C2016927CB7}.Debug|Any CPU.ActiveCfg = Debug|Any CPU
		{24178356-15A5-4998-9FA2-9C2016927CB7}.Debug|Any CPU.Build.0 = Debug|Any CPU
		{24178356-15A5-4998-9FA2-9C2016927CB7}.Release|Any CPU.ActiveCfg = Release|Any CPU
		{24178356-15A5-4998-9FA2-9C2016927CB7}.Release|Any CPU.Build.0 = Release|Any CPU
		{24178356-15A5-4998-9FA2-9C2016927CB7}.Services Build|Any CPU.ActiveCfg = Services Build|Any CPU
		{24178356-15A5-4998-9FA2-9C2016927CB7}.Services Build|Any CPU.Build.0 = Services Build|Any CPU
		{24178356-15A5-4998-9FA2-9C2016927CB7}.Services Release|Any CPU.ActiveCfg = Services Release|Any CPU
		{24178356-15A5-4998-9FA2-9C2016927CB7}.Services Release|Any CPU.Build.0 = Services Release|Any CPU
		{7C6F3847-A078-446D-B0A7-EC613098FD53}.Debug|Any CPU.ActiveCfg = Debug|Any CPU
		{7C6F3847-A078-446D-B0A7-EC613098FD53}.Debug|Any CPU.Build.0 = Debug|Any CPU
		{7C6F3847-A078-446D-B0A7-EC613098FD53}.Release|Any CPU.ActiveCfg = Release|Any CPU
		{7C6F3847-A078-446D-B0A7-EC613098FD53}.Release|Any CPU.Build.0 = Release|Any CPU
		{7C6F3847-A078-446D-B0A7-EC613098FD53}.Services Build|Any CPU.ActiveCfg = Debug|Any CPU
		{7C6F3847-A078-446D-B0A7-EC613098FD53}.Services Release|Any CPU.ActiveCfg = Release|Any CPU
		{494E238A-6CD6-4A99-A984-6C7F0C0DD4F5}.Debug|Any CPU.ActiveCfg = Debug|Any CPU
		{494E238A-6CD6-4A99-A984-6C7F0C0DD4F5}.Debug|Any CPU.Build.0 = Debug|Any CPU
		{494E238A-6CD6-4A99-A984-6C7F0C0DD4F5}.Release|Any CPU.ActiveCfg = Release|Any CPU
		{494E238A-6CD6-4A99-A984-6C7F0C0DD4F5}.Release|Any CPU.Build.0 = Release|Any CPU
		{494E238A-6CD6-4A99-A984-6C7F0C0DD4F5}.Services Build|Any CPU.ActiveCfg = Services Build|Any CPU
		{494E238A-6CD6-4A99-A984-6C7F0C0DD4F5}.Services Build|Any CPU.Build.0 = Services Build|Any CPU
		{494E238A-6CD6-4A99-A984-6C7F0C0DD4F5}.Services Release|Any CPU.ActiveCfg = Services Release|Any CPU
		{494E238A-6CD6-4A99-A984-6C7F0C0DD4F5}.Services Release|Any CPU.Build.0 = Services Release|Any CPU
		{A81E1314-5922-405B-B135-5E4D8E8CC53B}.Debug|Any CPU.ActiveCfg = Debug|Any CPU
		{A81E1314-5922-405B-B135-5E4D8E8CC53B}.Debug|Any CPU.Build.0 = Debug|Any CPU
		{A81E1314-5922-405B-B135-5E4D8E8CC53B}.Release|Any CPU.ActiveCfg = Release|Any CPU
		{A81E1314-5922-405B-B135-5E4D8E8CC53B}.Release|Any CPU.Build.0 = Release|Any CPU
		{A81E1314-5922-405B-B135-5E4D8E8CC53B}.Services Build|Any CPU.ActiveCfg = Services Build|Any CPU
		{A81E1314-5922-405B-B135-5E4D8E8CC53B}.Services Build|Any CPU.Build.0 = Services Build|Any CPU
		{A81E1314-5922-405B-B135-5E4D8E8CC53B}.Services Release|Any CPU.ActiveCfg = Services Release|Any CPU
		{A81E1314-5922-405B-B135-5E4D8E8CC53B}.Services Release|Any CPU.Build.0 = Services Release|Any CPU
		{C2E1F3DE-8568-47B4-AFE5-9D62050E0650}.Debug|Any CPU.ActiveCfg = Debug|Any CPU
		{C2E1F3DE-8568-47B4-AFE5-9D62050E0650}.Debug|Any CPU.Build.0 = Debug|Any CPU
		{C2E1F3DE-8568-47B4-AFE5-9D62050E0650}.Release|Any CPU.ActiveCfg = Release|Any CPU
		{C2E1F3DE-8568-47B4-AFE5-9D62050E0650}.Release|Any CPU.Build.0 = Release|Any CPU
		{C2E1F3DE-8568-47B4-AFE5-9D62050E0650}.Services Build|Any CPU.ActiveCfg = Services Build|Any CPU
		{C2E1F3DE-8568-47B4-AFE5-9D62050E0650}.Services Build|Any CPU.Build.0 = Services Build|Any CPU
		{C2E1F3DE-8568-47B4-AFE5-9D62050E0650}.Services Release|Any CPU.ActiveCfg = Services Release|Any CPU
		{C2E1F3DE-8568-47B4-AFE5-9D62050E0650}.Services Release|Any CPU.Build.0 = Services Release|Any CPU
		{56577F7C-CA71-4727-BDA1-E9F3B5A82C79}.Debug|Any CPU.ActiveCfg = Debug|Any CPU
		{56577F7C-CA71-4727-BDA1-E9F3B5A82C79}.Debug|Any CPU.Build.0 = Debug|Any CPU
		{56577F7C-CA71-4727-BDA1-E9F3B5A82C79}.Release|Any CPU.ActiveCfg = Release|Any CPU
		{56577F7C-CA71-4727-BDA1-E9F3B5A82C79}.Release|Any CPU.Build.0 = Release|Any CPU
		{56577F7C-CA71-4727-BDA1-E9F3B5A82C79}.Services Build|Any CPU.ActiveCfg = Services Build|Any CPU
		{56577F7C-CA71-4727-BDA1-E9F3B5A82C79}.Services Build|Any CPU.Build.0 = Services Build|Any CPU
		{56577F7C-CA71-4727-BDA1-E9F3B5A82C79}.Services Release|Any CPU.ActiveCfg = Release|Any CPU
		{361CDA62-631F-44A6-8AE7-9995DC299F96}.Debug|Any CPU.ActiveCfg = Debug|Any CPU
		{361CDA62-631F-44A6-8AE7-9995DC299F96}.Debug|Any CPU.Build.0 = Debug|Any CPU
		{361CDA62-631F-44A6-8AE7-9995DC299F96}.Release|Any CPU.ActiveCfg = Release|Any CPU
		{361CDA62-631F-44A6-8AE7-9995DC299F96}.Release|Any CPU.Build.0 = Release|Any CPU
		{361CDA62-631F-44A6-8AE7-9995DC299F96}.Services Build|Any CPU.ActiveCfg = Services Build|Any CPU
		{361CDA62-631F-44A6-8AE7-9995DC299F96}.Services Build|Any CPU.Build.0 = Services Build|Any CPU
		{361CDA62-631F-44A6-8AE7-9995DC299F96}.Services Release|Any CPU.ActiveCfg = Services Release|Any CPU
		{361CDA62-631F-44A6-8AE7-9995DC299F96}.Services Release|Any CPU.Build.0 = Services Release|Any CPU
		{95BD6ACB-D122-4B73-9663-D974F85852D9}.Debug|Any CPU.ActiveCfg = Debug|Any CPU
		{95BD6ACB-D122-4B73-9663-D974F85852D9}.Debug|Any CPU.Build.0 = Debug|Any CPU
		{95BD6ACB-D122-4B73-9663-D974F85852D9}.Release|Any CPU.ActiveCfg = Release|Any CPU
		{95BD6ACB-D122-4B73-9663-D974F85852D9}.Release|Any CPU.Build.0 = Release|Any CPU
		{95BD6ACB-D122-4B73-9663-D974F85852D9}.Services Build|Any CPU.ActiveCfg = Services Build|Any CPU
		{95BD6ACB-D122-4B73-9663-D974F85852D9}.Services Build|Any CPU.Build.0 = Services Build|Any CPU
		{95BD6ACB-D122-4B73-9663-D974F85852D9}.Services Release|Any CPU.ActiveCfg = Services Release|Any CPU
		{95BD6ACB-D122-4B73-9663-D974F85852D9}.Services Release|Any CPU.Build.0 = Services Release|Any CPU
		{59E2F2AF-BCFF-45A1-BFA4-8FDA1514BB75}.Debug|Any CPU.ActiveCfg = Debug|Any CPU
		{59E2F2AF-BCFF-45A1-BFA4-8FDA1514BB75}.Debug|Any CPU.Build.0 = Debug|Any CPU
		{59E2F2AF-BCFF-45A1-BFA4-8FDA1514BB75}.Release|Any CPU.ActiveCfg = Release|Any CPU
		{59E2F2AF-BCFF-45A1-BFA4-8FDA1514BB75}.Release|Any CPU.Build.0 = Release|Any CPU
		{59E2F2AF-BCFF-45A1-BFA4-8FDA1514BB75}.Services Build|Any CPU.ActiveCfg = Services Build|Any CPU
		{59E2F2AF-BCFF-45A1-BFA4-8FDA1514BB75}.Services Build|Any CPU.Build.0 = Services Build|Any CPU
		{59E2F2AF-BCFF-45A1-BFA4-8FDA1514BB75}.Services Release|Any CPU.ActiveCfg = Services Release|Any CPU
		{59E2F2AF-BCFF-45A1-BFA4-8FDA1514BB75}.Services Release|Any CPU.Build.0 = Services Release|Any CPU
		{B3E32FBF-1A84-48B3-898D-C1706912DE04}.Debug|Any CPU.ActiveCfg = Debug|Any CPU
		{B3E32FBF-1A84-48B3-898D-C1706912DE04}.Debug|Any CPU.Build.0 = Debug|Any CPU
		{B3E32FBF-1A84-48B3-898D-C1706912DE04}.Release|Any CPU.ActiveCfg = Release|Any CPU
		{B3E32FBF-1A84-48B3-898D-C1706912DE04}.Release|Any CPU.Build.0 = Release|Any CPU
		{B3E32FBF-1A84-48B3-898D-C1706912DE04}.Services Build|Any CPU.ActiveCfg = Services Build|Any CPU
		{B3E32FBF-1A84-48B3-898D-C1706912DE04}.Services Build|Any CPU.Build.0 = Services Build|Any CPU
		{B3E32FBF-1A84-48B3-898D-C1706912DE04}.Services Release|Any CPU.ActiveCfg = Services Release|Any CPU
		{B3E32FBF-1A84-48B3-898D-C1706912DE04}.Services Release|Any CPU.Build.0 = Services Release|Any CPU
		{105EE2F5-B93C-4846-ABE5-49A376C5B7A2}.Debug|Any CPU.ActiveCfg = Debug|Any CPU
		{105EE2F5-B93C-4846-ABE5-49A376C5B7A2}.Debug|Any CPU.Build.0 = Debug|Any CPU
		{105EE2F5-B93C-4846-ABE5-49A376C5B7A2}.Release|Any CPU.ActiveCfg = Release|Any CPU
		{105EE2F5-B93C-4846-ABE5-49A376C5B7A2}.Release|Any CPU.Build.0 = Release|Any CPU
		{105EE2F5-B93C-4846-ABE5-49A376C5B7A2}.Services Build|Any CPU.ActiveCfg = Services Build|Any CPU
		{105EE2F5-B93C-4846-ABE5-49A376C5B7A2}.Services Build|Any CPU.Build.0 = Services Build|Any CPU
		{105EE2F5-B93C-4846-ABE5-49A376C5B7A2}.Services Release|Any CPU.ActiveCfg = Release|Any CPU
		{105EE2F5-B93C-4846-ABE5-49A376C5B7A2}.Services Release|Any CPU.Build.0 = Release|Any CPU
		{5AA6C1B2-8B15-4EE3-8F7A-87D36A2A3664}.Debug|Any CPU.ActiveCfg = Debug|Any CPU
		{5AA6C1B2-8B15-4EE3-8F7A-87D36A2A3664}.Debug|Any CPU.Build.0 = Debug|Any CPU
		{5AA6C1B2-8B15-4EE3-8F7A-87D36A2A3664}.Release|Any CPU.ActiveCfg = Release|Any CPU
		{5AA6C1B2-8B15-4EE3-8F7A-87D36A2A3664}.Release|Any CPU.Build.0 = Release|Any CPU
		{5AA6C1B2-8B15-4EE3-8F7A-87D36A2A3664}.Services Build|Any CPU.ActiveCfg = Services Build|Any CPU
		{5AA6C1B2-8B15-4EE3-8F7A-87D36A2A3664}.Services Build|Any CPU.Build.0 = Services Build|Any CPU
		{5AA6C1B2-8B15-4EE3-8F7A-87D36A2A3664}.Services Release|Any CPU.ActiveCfg = Services Release|Any CPU
		{5AA6C1B2-8B15-4EE3-8F7A-87D36A2A3664}.Services Release|Any CPU.Build.0 = Services Release|Any CPU
		{DDD14B80-8B1B-4763-A19B-1F6759C292BA}.Debug|Any CPU.ActiveCfg = Debug|Any CPU
		{DDD14B80-8B1B-4763-A19B-1F6759C292BA}.Debug|Any CPU.Build.0 = Debug|Any CPU
		{DDD14B80-8B1B-4763-A19B-1F6759C292BA}.Release|Any CPU.ActiveCfg = Release|Any CPU
		{DDD14B80-8B1B-4763-A19B-1F6759C292BA}.Release|Any CPU.Build.0 = Release|Any CPU
		{DDD14B80-8B1B-4763-A19B-1F6759C292BA}.Services Build|Any CPU.ActiveCfg = Services Build|Any CPU
		{DDD14B80-8B1B-4763-A19B-1F6759C292BA}.Services Build|Any CPU.Build.0 = Services Build|Any CPU
		{DDD14B80-8B1B-4763-A19B-1F6759C292BA}.Services Release|Any CPU.ActiveCfg = Services Release|Any CPU
		{DDD14B80-8B1B-4763-A19B-1F6759C292BA}.Services Release|Any CPU.Build.0 = Services Release|Any CPU
		{EC90CA15-9174-4922-85C8-6D601D891733}.Debug|Any CPU.ActiveCfg = Debug|Any CPU
		{EC90CA15-9174-4922-85C8-6D601D891733}.Debug|Any CPU.Build.0 = Debug|Any CPU
		{EC90CA15-9174-4922-85C8-6D601D891733}.Release|Any CPU.ActiveCfg = Release|Any CPU
		{EC90CA15-9174-4922-85C8-6D601D891733}.Release|Any CPU.Build.0 = Release|Any CPU
		{EC90CA15-9174-4922-85C8-6D601D891733}.Services Build|Any CPU.ActiveCfg = Debug|Any CPU
		{EC90CA15-9174-4922-85C8-6D601D891733}.Services Release|Any CPU.ActiveCfg = Release|Any CPU
	EndGlobalSection
	GlobalSection(SolutionProperties) = preSolution
		HideSolutionNode = FALSE
	EndGlobalSection
	GlobalSection(NestedProjects) = preSolution
		{4D6E8A7B-F6B3-4537-B0F8-253435E09388} = {316126FB-31AD-403A-B600-CF5DC5489D43}
		{4E35589F-5912-4F50-85F2-1909246512CD} = {316126FB-31AD-403A-B600-CF5DC5489D43}
		{9F321EF0-D855-465C-B704-102335DA377B} = {316126FB-31AD-403A-B600-CF5DC5489D43}
		{D5A92877-F09A-43A6-88B8-63EA8C7DA6F8} = {4E35589F-5912-4F50-85F2-1909246512CD}
		{4A3014C8-9837-4C5D-AD92-C45E41E50C59} = {4E35589F-5912-4F50-85F2-1909246512CD}
		{AA33994F-5485-48F5-9D9E-94428EEF0AA1} = {4E35589F-5912-4F50-85F2-1909246512CD}
		{CD80C2F6-122D-4CB9-9111-446A76AE909B} = {9F321EF0-D855-465C-B704-102335DA377B}
		{E60E4F81-3924-4115-B7C6-8D6D839C456B} = {4D6E8A7B-F6B3-4537-B0F8-253435E09388}
		{C6C0E526-7569-492B-B23D-D41FFB48F09F} = {4D6E8A7B-F6B3-4537-B0F8-253435E09388}
		{2C074581-39B8-48AD-B870-14CDDCC87B6E} = {4D6E8A7B-F6B3-4537-B0F8-253435E09388}
		{A5DEBC7B-20F4-4DB9-98C0-CD70FD13BA8E} = {4D6E8A7B-F6B3-4537-B0F8-253435E09388}
		{022C31AD-8395-4A5F-B26F-87C89D45AEF0} = {316126FB-31AD-403A-B600-CF5DC5489D43}
		{062F136D-3E86-4E91-AFF0-BB4F70D758D2} = {022C31AD-8395-4A5F-B26F-87C89D45AEF0}
		{C4501190-C70E-4637-B47E-B0F971282F11} = {022C31AD-8395-4A5F-B26F-87C89D45AEF0}
		{ACFD1C53-BF73-4E3A-BC43-E6D63216CEEF} = {022C31AD-8395-4A5F-B26F-87C89D45AEF0}
		{173F3A16-FC31-401D-A7E0-853D92BEADCC} = {022C31AD-8395-4A5F-B26F-87C89D45AEF0}
		{27A3F408-B1BD-4F93-9565-DA3A9F1816B1} = {9F321EF0-D855-465C-B704-102335DA377B}
		{8F1F6AE5-4364-445D-B709-1E38C812F544} = {9F321EF0-D855-465C-B704-102335DA377B}
		{B9B103AC-E873-442D-8BC7-0518CD4204DE} = {9F321EF0-D855-465C-B704-102335DA377B}
		{24178356-15A5-4998-9FA2-9C2016927CB7} = {4E35589F-5912-4F50-85F2-1909246512CD}
		{7C6F3847-A078-446D-B0A7-EC613098FD53} = {F26715E8-9157-4A2E-AA15-36F474881ED5}
		{C517E800-C54B-4238-85EA-D82547E759A5} = {316126FB-31AD-403A-B600-CF5DC5489D43}
		{494E238A-6CD6-4A99-A984-6C7F0C0DD4F5} = {C517E800-C54B-4238-85EA-D82547E759A5}
		{A81E1314-5922-405B-B135-5E4D8E8CC53B} = {C517E800-C54B-4238-85EA-D82547E759A5}
		{C2E1F3DE-8568-47B4-AFE5-9D62050E0650} = {C517E800-C54B-4238-85EA-D82547E759A5}
		{56577F7C-CA71-4727-BDA1-E9F3B5A82C79} = {C517E800-C54B-4238-85EA-D82547E759A5}
		{361CDA62-631F-44A6-8AE7-9995DC299F96} = {4E35589F-5912-4F50-85F2-1909246512CD}
		{B3BC9EA4-5BD1-47DD-9B85-03CFE1BE71F8} = {316126FB-31AD-403A-B600-CF5DC5489D43}
		{95BD6ACB-D122-4B73-9663-D974F85852D9} = {B3BC9EA4-5BD1-47DD-9B85-03CFE1BE71F8}
		{59E2F2AF-BCFF-45A1-BFA4-8FDA1514BB75} = {B3BC9EA4-5BD1-47DD-9B85-03CFE1BE71F8}
		{B3E32FBF-1A84-48B3-898D-C1706912DE04} = {B3BC9EA4-5BD1-47DD-9B85-03CFE1BE71F8}
		{073E84ED-63CC-447D-9B04-D3D28F0E2BC6} = {6D06590F-5596-4DD5-9398-BDA2A6FD7FB2}
		{FACEADC9-5FD0-40C9-AF3A-E36A7432C97C} = {AC4D1981-C4B8-484D-8302-FB94B92F96E6}
		{F9BCEB9F-B402-43C1-ADB3-78AD73ABC246} = {FACEADC9-5FD0-40C9-AF3A-E36A7432C97C}
		{2D6D62DF-B1D1-4080-8719-3AB7FE201E6B} = {AC4D1981-C4B8-484D-8302-FB94B92F96E6}
		{6EA8792F-CA38-4441-861C-BE169A40FB15} = {AC4D1981-C4B8-484D-8302-FB94B92F96E6}
		{71E16994-F03B-4BB1-A499-6BAF7199F4B2} = {AC4D1981-C4B8-484D-8302-FB94B92F96E6}
		{3A444BA7-0C8F-4AFB-95A7-057705612009} = {AC4D1981-C4B8-484D-8302-FB94B92F96E6}
		{732B40E6-6403-4361-9364-23E08475E2BF} = {AC4D1981-C4B8-484D-8302-FB94B92F96E6}
		{C70C6332-84D2-4B83-BDA2-5594D8C36C74} = {AC4D1981-C4B8-484D-8302-FB94B92F96E6}
		{6FE94FE8-EF0C-4A88-A923-1076C5FF5A5D} = {732B40E6-6403-4361-9364-23E08475E2BF}
		{339023D9-46CF-4BD3-A44F-D556BC363611} = {732B40E6-6403-4361-9364-23E08475E2BF}
		{3D4CF2F0-CC99-444C-A62E-8DAC30E6873E} = {732B40E6-6403-4361-9364-23E08475E2BF}
		{AF6D06CE-3273-483A-9EBF-3746A01FB578} = {732B40E6-6403-4361-9364-23E08475E2BF}
		{43749B9E-8FBA-42A7-A3B9-75ECEC9EF06E} = {316126FB-31AD-403A-B600-CF5DC5489D43}
		{105EE2F5-B93C-4846-ABE5-49A376C5B7A2} = {43749B9E-8FBA-42A7-A3B9-75ECEC9EF06E}
		{47946B68-BD05-4D83-9201-E1E3863A5AF6} = {732B40E6-6403-4361-9364-23E08475E2BF}
		{477DC511-6D28-41E0-97A6-070FEFD7CD76} = {732B40E6-6403-4361-9364-23E08475E2BF}
		{5AA6C1B2-8B15-4EE3-8F7A-87D36A2A3664} = {43749B9E-8FBA-42A7-A3B9-75ECEC9EF06E}
		{DDD14B80-8B1B-4763-A19B-1F6759C292BA} = {43749B9E-8FBA-42A7-A3B9-75ECEC9EF06E}
		{63EEAFB7-2AE3-4E18-8A79-2EC519DB015C} = {AC4D1981-C4B8-484D-8302-FB94B92F96E6}
		{B1243551-7F56-4B32-9B9D-3BFE8C4BF964} = {AC4D1981-C4B8-484D-8302-FB94B92F96E6}
		{EC90CA15-9174-4922-85C8-6D601D891733} = {1FE90F2E-C3E4-4962-950A-FBD9FB6B53C4}
	EndGlobalSection
	GlobalSection(ExtensibilityGlobals) = postSolution
		SolutionGuid = {B4A5CA09-D8B5-43B6-BB96-97B00B1EC94A}
	EndGlobalSection
EndGlobal
