
Microsoft Visual Studio Solution File, Format Version 12.00
# Visual Studio Version 16
VisualStudioVersion = 16.0.31005.135
MinimumVisualStudioVersion = 15.0.26124.0
Project("{2150E333-8FDC-42A3-9474-1A3956D46DE8}") = "Services", "Services", "{316126FB-31AD-403A-B600-CF5DC5489D43}"
EndProject
Project("{2150E333-8FDC-42A3-9474-1A3956D46DE8}") = "UserService", "UserService", "{4D6E8A7B-F6B3-4537-B0F8-253435E09388}"
EndProject
Project("{2150E333-8FDC-42A3-9474-1A3956D46DE8}") = "Common", "Common", "{4E35589F-5912-4F50-85F2-1909246512CD}"
EndProject
Project("{2150E333-8FDC-42A3-9474-1A3956D46DE8}") = "FollowService", "FollowService", "{9F321EF0-D855-465C-B704-102335DA377B}"
EndProject
Project("{9A19103F-16F7-4668-BE54-9A1E7A4F7556}") = "Kwetter.Services.Common.API", "Services\Common\API\Kwetter.Services.Common.API.csproj", "{D5A92877-F09A-43A6-88B8-63EA8C7DA6F8}"
EndProject
Project("{9A19103F-16F7-4668-BE54-9A1E7A4F7556}") = "Kwetter.Services.Common.Domain", "Services\Common\Domain\Kwetter.Services.Common.Domain.csproj", "{4A3014C8-9837-4C5D-AD92-C45E41E50C59}"
EndProject
Project("{9A19103F-16F7-4668-BE54-9A1E7A4F7556}") = "Kwetter.Services.Common.EventBus", "Services\Common\EventBus\Kwetter.Services.Common.EventBus.csproj", "{E642CE21-FA68-4FB4-BAF2-39B743B6B9C4}"
EndProject
Project("{9A19103F-16F7-4668-BE54-9A1E7A4F7556}") = "Kwetter.Services.Common.Infrastructure", "Services\Common\Infrastructure\Kwetter.Services.Common.Infrastructure.csproj", "{AA33994F-5485-48F5-9D9E-94428EEF0AA1}"
EndProject
Project("{9A19103F-16F7-4668-BE54-9A1E7A4F7556}") = "Kwetter.Services.FollowService.API", "Services\FollowService\API\Kwetter.Services.FollowService.API.csproj", "{CD80C2F6-122D-4CB9-9111-446A76AE909B}"
EndProject
Project("{9A19103F-16F7-4668-BE54-9A1E7A4F7556}") = "Kwetter.Services.UserService.API", "Services\UserService\API\Kwetter.Services.UserService.API.csproj", "{E60E4F81-3924-4115-B7C6-8D6D839C456B}"
EndProject
Project("{9A19103F-16F7-4668-BE54-9A1E7A4F7556}") = "Kwetter.Services.UserService.Domain", "Services\UserService\Domain\Kwetter.Services.UserService.Domain.csproj", "{C6C0E526-7569-492B-B23D-D41FFB48F09F}"
EndProject
Project("{9A19103F-16F7-4668-BE54-9A1E7A4F7556}") = "Kwetter.Services.UserService.Infrastructure", "Services\UserService\Infrastructure\Kwetter.Services.UserService.Infrastructure.csproj", "{2C074581-39B8-48AD-B870-14CDDCC87B6E}"
EndProject
Project("{9A19103F-16F7-4668-BE54-9A1E7A4F7556}") = "Kwetter.Services.UserService.Tests", "Services\UserService\Tests\Kwetter.Services.UserService.Tests.csproj", "{A5DEBC7B-20F4-4DB9-98C0-CD70FD13BA8E}"
EndProject
Project("{2150E333-8FDC-42A3-9474-1A3956D46DE8}") = "KweetService", "KweetService", "{022C31AD-8395-4A5F-B26F-87C89D45AEF0}"
EndProject
Project("{9A19103F-16F7-4668-BE54-9A1E7A4F7556}") = "Kwetter.Services.KweetService.Domain", "Services\KweetService\Domain\Kwetter.Services.KweetService.Domain.csproj", "{062F136D-3E86-4E91-AFF0-BB4F70D758D2}"
EndProject
Project("{9A19103F-16F7-4668-BE54-9A1E7A4F7556}") = "Kwetter.Services.KweetService.Tests", "Services\KweetService\Tests\Kwetter.Services.KweetService.Tests.csproj", "{C4501190-C70E-4637-B47E-B0F971282F11}"
EndProject
Project("{9A19103F-16F7-4668-BE54-9A1E7A4F7556}") = "Kwetter.Services.KweetService.API", "Services\KweetService\API\Kwetter.Services.KweetService.API.csproj", "{ACFD1C53-BF73-4E3A-BC43-E6D63216CEEF}"
EndProject
Project("{9A19103F-16F7-4668-BE54-9A1E7A4F7556}") = "Kwetter.Services.KweetService.Infrastructure", "Services\KweetService\Infrastructure\Kwetter.Services.KweetService.Infrastructure.csproj", "{173F3A16-FC31-401D-A7E0-853D92BEADCC}"
EndProject
Project("{FAE04EC0-301F-11D3-BF4B-00C04F79EFBC}") = "Kwetter.Services.FollowService.Domain", "Services\FollowService\Domain\Kwetter.Services.FollowService.Domain.csproj", "{27A3F408-B1BD-4F93-9565-DA3A9F1816B1}"
EndProject
Project("{FAE04EC0-301F-11D3-BF4B-00C04F79EFBC}") = "Kwetter.Services.FollowService.Infrastructure", "Services\FollowService\Infrastructure\Kwetter.Services.FollowService.Infrastructure.csproj", "{8F1F6AE5-4364-445D-B709-1E38C812F544}"
EndProject
Project("{FAE04EC0-301F-11D3-BF4B-00C04F79EFBC}") = "Kwetter.Services.FollowService.Tests", "Services\FollowService\Tests\Kwetter.Services.FollowService.Tests.csproj", "{B9B103AC-E873-442D-8BC7-0518CD4204DE}"
EndProject
Global
	GlobalSection(SolutionConfigurationPlatforms) = preSolution
		Debug|Any CPU = Debug|Any CPU
		Release|Any CPU = Release|Any CPU
	EndGlobalSection
	GlobalSection(ProjectConfigurationPlatforms) = postSolution
		{D5A92877-F09A-43A6-88B8-63EA8C7DA6F8}.Debug|Any CPU.ActiveCfg = Debug|Any CPU
		{D5A92877-F09A-43A6-88B8-63EA8C7DA6F8}.Debug|Any CPU.Build.0 = Debug|Any CPU
		{D5A92877-F09A-43A6-88B8-63EA8C7DA6F8}.Release|Any CPU.ActiveCfg = Release|Any CPU
		{D5A92877-F09A-43A6-88B8-63EA8C7DA6F8}.Release|Any CPU.Build.0 = Release|Any CPU
		{4A3014C8-9837-4C5D-AD92-C45E41E50C59}.Debug|Any CPU.ActiveCfg = Debug|Any CPU
		{4A3014C8-9837-4C5D-AD92-C45E41E50C59}.Debug|Any CPU.Build.0 = Debug|Any CPU
		{4A3014C8-9837-4C5D-AD92-C45E41E50C59}.Release|Any CPU.ActiveCfg = Release|Any CPU
		{4A3014C8-9837-4C5D-AD92-C45E41E50C59}.Release|Any CPU.Build.0 = Release|Any CPU
		{E642CE21-FA68-4FB4-BAF2-39B743B6B9C4}.Debug|Any CPU.ActiveCfg = Debug|Any CPU
		{E642CE21-FA68-4FB4-BAF2-39B743B6B9C4}.Debug|Any CPU.Build.0 = Debug|Any CPU
		{E642CE21-FA68-4FB4-BAF2-39B743B6B9C4}.Release|Any CPU.ActiveCfg = Release|Any CPU
		{E642CE21-FA68-4FB4-BAF2-39B743B6B9C4}.Release|Any CPU.Build.0 = Release|Any CPU
		{AA33994F-5485-48F5-9D9E-94428EEF0AA1}.Debug|Any CPU.ActiveCfg = Debug|Any CPU
		{AA33994F-5485-48F5-9D9E-94428EEF0AA1}.Debug|Any CPU.Build.0 = Debug|Any CPU
		{AA33994F-5485-48F5-9D9E-94428EEF0AA1}.Release|Any CPU.ActiveCfg = Release|Any CPU
		{AA33994F-5485-48F5-9D9E-94428EEF0AA1}.Release|Any CPU.Build.0 = Release|Any CPU
		{CD80C2F6-122D-4CB9-9111-446A76AE909B}.Debug|Any CPU.ActiveCfg = Debug|Any CPU
		{CD80C2F6-122D-4CB9-9111-446A76AE909B}.Debug|Any CPU.Build.0 = Debug|Any CPU
		{CD80C2F6-122D-4CB9-9111-446A76AE909B}.Release|Any CPU.ActiveCfg = Release|Any CPU
		{CD80C2F6-122D-4CB9-9111-446A76AE909B}.Release|Any CPU.Build.0 = Release|Any CPU
		{E60E4F81-3924-4115-B7C6-8D6D839C456B}.Debug|Any CPU.ActiveCfg = Debug|Any CPU
		{E60E4F81-3924-4115-B7C6-8D6D839C456B}.Debug|Any CPU.Build.0 = Debug|Any CPU
		{E60E4F81-3924-4115-B7C6-8D6D839C456B}.Release|Any CPU.ActiveCfg = Release|Any CPU
		{E60E4F81-3924-4115-B7C6-8D6D839C456B}.Release|Any CPU.Build.0 = Release|Any CPU
		{C6C0E526-7569-492B-B23D-D41FFB48F09F}.Debug|Any CPU.ActiveCfg = Debug|Any CPU
		{C6C0E526-7569-492B-B23D-D41FFB48F09F}.Debug|Any CPU.Build.0 = Debug|Any CPU
		{C6C0E526-7569-492B-B23D-D41FFB48F09F}.Release|Any CPU.ActiveCfg = Release|Any CPU
		{C6C0E526-7569-492B-B23D-D41FFB48F09F}.Release|Any CPU.Build.0 = Release|Any CPU
		{2C074581-39B8-48AD-B870-14CDDCC87B6E}.Debug|Any CPU.ActiveCfg = Debug|Any CPU
		{2C074581-39B8-48AD-B870-14CDDCC87B6E}.Debug|Any CPU.Build.0 = Debug|Any CPU
		{2C074581-39B8-48AD-B870-14CDDCC87B6E}.Release|Any CPU.ActiveCfg = Release|Any CPU
		{2C074581-39B8-48AD-B870-14CDDCC87B6E}.Release|Any CPU.Build.0 = Release|Any CPU
		{A5DEBC7B-20F4-4DB9-98C0-CD70FD13BA8E}.Debug|Any CPU.ActiveCfg = Debug|Any CPU
		{A5DEBC7B-20F4-4DB9-98C0-CD70FD13BA8E}.Debug|Any CPU.Build.0 = Debug|Any CPU
		{A5DEBC7B-20F4-4DB9-98C0-CD70FD13BA8E}.Release|Any CPU.ActiveCfg = Release|Any CPU
		{A5DEBC7B-20F4-4DB9-98C0-CD70FD13BA8E}.Release|Any CPU.Build.0 = Release|Any CPU
		{062F136D-3E86-4E91-AFF0-BB4F70D758D2}.Debug|Any CPU.ActiveCfg = Debug|Any CPU
		{062F136D-3E86-4E91-AFF0-BB4F70D758D2}.Debug|Any CPU.Build.0 = Debug|Any CPU
		{062F136D-3E86-4E91-AFF0-BB4F70D758D2}.Release|Any CPU.ActiveCfg = Release|Any CPU
		{062F136D-3E86-4E91-AFF0-BB4F70D758D2}.Release|Any CPU.Build.0 = Release|Any CPU
		{C4501190-C70E-4637-B47E-B0F971282F11}.Debug|Any CPU.ActiveCfg = Debug|Any CPU
		{C4501190-C70E-4637-B47E-B0F971282F11}.Debug|Any CPU.Build.0 = Debug|Any CPU
		{C4501190-C70E-4637-B47E-B0F971282F11}.Release|Any CPU.ActiveCfg = Release|Any CPU
		{C4501190-C70E-4637-B47E-B0F971282F11}.Release|Any CPU.Build.0 = Release|Any CPU
		{ACFD1C53-BF73-4E3A-BC43-E6D63216CEEF}.Debug|Any CPU.ActiveCfg = Debug|Any CPU
		{ACFD1C53-BF73-4E3A-BC43-E6D63216CEEF}.Debug|Any CPU.Build.0 = Debug|Any CPU
		{ACFD1C53-BF73-4E3A-BC43-E6D63216CEEF}.Release|Any CPU.ActiveCfg = Release|Any CPU
		{ACFD1C53-BF73-4E3A-BC43-E6D63216CEEF}.Release|Any CPU.Build.0 = Release|Any CPU
		{173F3A16-FC31-401D-A7E0-853D92BEADCC}.Debug|Any CPU.ActiveCfg = Debug|Any CPU
		{173F3A16-FC31-401D-A7E0-853D92BEADCC}.Debug|Any CPU.Build.0 = Debug|Any CPU
		{173F3A16-FC31-401D-A7E0-853D92BEADCC}.Release|Any CPU.ActiveCfg = Release|Any CPU
		{173F3A16-FC31-401D-A7E0-853D92BEADCC}.Release|Any CPU.Build.0 = Release|Any CPU
		{27A3F408-B1BD-4F93-9565-DA3A9F1816B1}.Debug|Any CPU.ActiveCfg = Debug|Any CPU
		{27A3F408-B1BD-4F93-9565-DA3A9F1816B1}.Debug|Any CPU.Build.0 = Debug|Any CPU
		{27A3F408-B1BD-4F93-9565-DA3A9F1816B1}.Release|Any CPU.ActiveCfg = Release|Any CPU
		{27A3F408-B1BD-4F93-9565-DA3A9F1816B1}.Release|Any CPU.Build.0 = Release|Any CPU
		{8F1F6AE5-4364-445D-B709-1E38C812F544}.Debug|Any CPU.ActiveCfg = Debug|Any CPU
		{8F1F6AE5-4364-445D-B709-1E38C812F544}.Debug|Any CPU.Build.0 = Debug|Any CPU
		{8F1F6AE5-4364-445D-B709-1E38C812F544}.Release|Any CPU.ActiveCfg = Release|Any CPU
		{8F1F6AE5-4364-445D-B709-1E38C812F544}.Release|Any CPU.Build.0 = Release|Any CPU
		{B9B103AC-E873-442D-8BC7-0518CD4204DE}.Debug|Any CPU.ActiveCfg = Debug|Any CPU
		{B9B103AC-E873-442D-8BC7-0518CD4204DE}.Debug|Any CPU.Build.0 = Debug|Any CPU
		{B9B103AC-E873-442D-8BC7-0518CD4204DE}.Release|Any CPU.ActiveCfg = Release|Any CPU
		{B9B103AC-E873-442D-8BC7-0518CD4204DE}.Release|Any CPU.Build.0 = Release|Any CPU
	EndGlobalSection
	GlobalSection(SolutionProperties) = preSolution
		HideSolutionNode = FALSE
	EndGlobalSection
	GlobalSection(NestedProjects) = preSolution
		{4D6E8A7B-F6B3-4537-B0F8-253435E09388} = {316126FB-31AD-403A-B600-CF5DC5489D43}
		{4E35589F-5912-4F50-85F2-1909246512CD} = {316126FB-31AD-403A-B600-CF5DC5489D43}
		{9F321EF0-D855-465C-B704-102335DA377B} = {316126FB-31AD-403A-B600-CF5DC5489D43}
		{D5A92877-F09A-43A6-88B8-63EA8C7DA6F8} = {4E35589F-5912-4F50-85F2-1909246512CD}
		{4A3014C8-9837-4C5D-AD92-C45E41E50C59} = {4E35589F-5912-4F50-85F2-1909246512CD}
		{E642CE21-FA68-4FB4-BAF2-39B743B6B9C4} = {4E35589F-5912-4F50-85F2-1909246512CD}
		{AA33994F-5485-48F5-9D9E-94428EEF0AA1} = {4E35589F-5912-4F50-85F2-1909246512CD}
		{CD80C2F6-122D-4CB9-9111-446A76AE909B} = {9F321EF0-D855-465C-B704-102335DA377B}
		{E60E4F81-3924-4115-B7C6-8D6D839C456B} = {4D6E8A7B-F6B3-4537-B0F8-253435E09388}
		{C6C0E526-7569-492B-B23D-D41FFB48F09F} = {4D6E8A7B-F6B3-4537-B0F8-253435E09388}
		{2C074581-39B8-48AD-B870-14CDDCC87B6E} = {4D6E8A7B-F6B3-4537-B0F8-253435E09388}
		{A5DEBC7B-20F4-4DB9-98C0-CD70FD13BA8E} = {4D6E8A7B-F6B3-4537-B0F8-253435E09388}
		{022C31AD-8395-4A5F-B26F-87C89D45AEF0} = {316126FB-31AD-403A-B600-CF5DC5489D43}
		{062F136D-3E86-4E91-AFF0-BB4F70D758D2} = {022C31AD-8395-4A5F-B26F-87C89D45AEF0}
		{C4501190-C70E-4637-B47E-B0F971282F11} = {022C31AD-8395-4A5F-B26F-87C89D45AEF0}
		{ACFD1C53-BF73-4E3A-BC43-E6D63216CEEF} = {022C31AD-8395-4A5F-B26F-87C89D45AEF0}
		{173F3A16-FC31-401D-A7E0-853D92BEADCC} = {022C31AD-8395-4A5F-B26F-87C89D45AEF0}
		{27A3F408-B1BD-4F93-9565-DA3A9F1816B1} = {9F321EF0-D855-465C-B704-102335DA377B}
		{8F1F6AE5-4364-445D-B709-1E38C812F544} = {9F321EF0-D855-465C-B704-102335DA377B}
		{B9B103AC-E873-442D-8BC7-0518CD4204DE} = {9F321EF0-D855-465C-B704-102335DA377B}
	EndGlobalSection
	GlobalSection(ExtensibilityGlobals) = postSolution
		SolutionGuid = {B4A5CA09-D8B5-43B6-BB96-97B00B1EC94A}
	EndGlobalSection
EndGlobal
