
Microsoft Visual Studio Solution File, Format Version 12.00
# Visual Studio Version 16
VisualStudioVersion = 16.0.31005.135
MinimumVisualStudioVersion = 15.0.26124.0
Project("{2150E333-8FDC-42A3-9474-1A3956D46DE8}") = "Kwetter.Services", "Kwetter.Services", "{316126FB-31AD-403A-B600-CF5DC5489D43}"
EndProject
Project("{2150E333-8FDC-42A3-9474-1A3956D46DE8}") = "Kwetter.Services.UserService", "Kwetter.Services.UserService", "{4D6E8A7B-F6B3-4537-B0F8-253435E09388}"
EndProject
Project("{9A19103F-16F7-4668-BE54-9A1E7A4F7556}") = "Kwetter.Services.UserService.Domain", "Kwetter.Services\Kwetter.Services.UserService\Kwetter.Services.UserService.Domain\Kwetter.Services.UserService.Domain.csproj", "{0A15F40A-79B7-4DE1-BF8E-0FA7E34DD7A6}"
EndProject
Project("{2150E333-8FDC-42A3-9474-1A3956D46DE8}") = "Kwetter.Services.Common", "Kwetter.Services.Common", "{4E35589F-5912-4F50-85F2-1909246512CD}"
EndProject
Project("{9A19103F-16F7-4668-BE54-9A1E7A4F7556}") = "Kwetter.Services.Common.Domain", "Kwetter.Services\Kwetter.Services.Common\Kwetter.Services.Common.Domain\Kwetter.Services.Common.Domain.csproj", "{F7AD40E6-E650-419A-8A5F-428BB5C6D369}"
EndProject
Project("{2150E333-8FDC-42A3-9474-1A3956D46DE8}") = "ApiGateways", "ApiGateways", "{82F615FF-CD9E-472E-B8AC-0F1217E60631}"
EndProject
Project("{9A19103F-16F7-4668-BE54-9A1E7A4F7556}") = "Kwetter.Services.UserService.Infrastructure", "Kwetter.Services\Kwetter.Services.UserService\Kwetter.Services.UserService.Infrastructure\Kwetter.Services.UserService.Infrastructure.csproj", "{80F404A3-FB48-4B58-A2FE-0C955B783792}"
EndProject
Project("{9A19103F-16F7-4668-BE54-9A1E7A4F7556}") = "Kwetter.Services.UserService.API", "Kwetter.Services\Kwetter.Services.UserService\Kwetter.Services.UserService.API\Kwetter.Services.UserService.API.csproj", "{168A977F-1C01-4D46-B4D1-E9B933F13354}"
EndProject
Project("{9A19103F-16F7-4668-BE54-9A1E7A4F7556}") = "Kwetter.Services.Common.Infrastructure", "Kwetter.Services\Kwetter.Services.Common\Kwetter.Services.Common.Infrastructure\Kwetter.Services.Common.Infrastructure.csproj", "{0096D5BE-64E1-42FB-9A79-4550FD1D54F3}"
EndProject
Project("{9A19103F-16F7-4668-BE54-9A1E7A4F7556}") = "Kwetter.Services.Common.API", "Kwetter.Services\Kwetter.Services.Common\Kwetter.Services.Common.API\Kwetter.Services.Common.API.csproj", "{2A18E65F-1D92-4ECA-96CC-926D5628CE54}"
EndProject
Project("{FAE04EC0-301F-11D3-BF4B-00C04F79EFBC}") = "Kwetter.Services.Common.EventBus", "Kwetter.Services\Kwetter.Services.Common\Kwetter.Services.Common.EventBus\Kwetter.Services.Common.EventBus.csproj", "{55E1A97B-2B3C-4606-8E13-4C0BB5ED6ADE}"
EndProject
Global
	GlobalSection(SolutionConfigurationPlatforms) = preSolution
		Debug|Any CPU = Debug|Any CPU
		Release|Any CPU = Release|Any CPU
	EndGlobalSection
	GlobalSection(ProjectConfigurationPlatforms) = postSolution
		{0A15F40A-79B7-4DE1-BF8E-0FA7E34DD7A6}.Debug|Any CPU.ActiveCfg = Debug|Any CPU
		{0A15F40A-79B7-4DE1-BF8E-0FA7E34DD7A6}.Debug|Any CPU.Build.0 = Debug|Any CPU
		{0A15F40A-79B7-4DE1-BF8E-0FA7E34DD7A6}.Release|Any CPU.ActiveCfg = Release|Any CPU
		{0A15F40A-79B7-4DE1-BF8E-0FA7E34DD7A6}.Release|Any CPU.Build.0 = Release|Any CPU
		{F7AD40E6-E650-419A-8A5F-428BB5C6D369}.Debug|Any CPU.ActiveCfg = Debug|Any CPU
		{F7AD40E6-E650-419A-8A5F-428BB5C6D369}.Debug|Any CPU.Build.0 = Debug|Any CPU
		{F7AD40E6-E650-419A-8A5F-428BB5C6D369}.Release|Any CPU.ActiveCfg = Release|Any CPU
		{F7AD40E6-E650-419A-8A5F-428BB5C6D369}.Release|Any CPU.Build.0 = Release|Any CPU
		{80F404A3-FB48-4B58-A2FE-0C955B783792}.Debug|Any CPU.ActiveCfg = Debug|Any CPU
		{80F404A3-FB48-4B58-A2FE-0C955B783792}.Debug|Any CPU.Build.0 = Debug|Any CPU
		{80F404A3-FB48-4B58-A2FE-0C955B783792}.Release|Any CPU.ActiveCfg = Release|Any CPU
		{80F404A3-FB48-4B58-A2FE-0C955B783792}.Release|Any CPU.Build.0 = Release|Any CPU
		{168A977F-1C01-4D46-B4D1-E9B933F13354}.Debug|Any CPU.ActiveCfg = Debug|Any CPU
		{168A977F-1C01-4D46-B4D1-E9B933F13354}.Debug|Any CPU.Build.0 = Debug|Any CPU
		{168A977F-1C01-4D46-B4D1-E9B933F13354}.Release|Any CPU.ActiveCfg = Release|Any CPU
		{168A977F-1C01-4D46-B4D1-E9B933F13354}.Release|Any CPU.Build.0 = Release|Any CPU
		{0096D5BE-64E1-42FB-9A79-4550FD1D54F3}.Debug|Any CPU.ActiveCfg = Debug|Any CPU
		{0096D5BE-64E1-42FB-9A79-4550FD1D54F3}.Debug|Any CPU.Build.0 = Debug|Any CPU
		{0096D5BE-64E1-42FB-9A79-4550FD1D54F3}.Release|Any CPU.ActiveCfg = Release|Any CPU
		{0096D5BE-64E1-42FB-9A79-4550FD1D54F3}.Release|Any CPU.Build.0 = Release|Any CPU
		{2A18E65F-1D92-4ECA-96CC-926D5628CE54}.Debug|Any CPU.ActiveCfg = Debug|Any CPU
		{2A18E65F-1D92-4ECA-96CC-926D5628CE54}.Debug|Any CPU.Build.0 = Debug|Any CPU
		{2A18E65F-1D92-4ECA-96CC-926D5628CE54}.Release|Any CPU.ActiveCfg = Release|Any CPU
		{2A18E65F-1D92-4ECA-96CC-926D5628CE54}.Release|Any CPU.Build.0 = Release|Any CPU
		{55E1A97B-2B3C-4606-8E13-4C0BB5ED6ADE}.Debug|Any CPU.ActiveCfg = Debug|Any CPU
		{55E1A97B-2B3C-4606-8E13-4C0BB5ED6ADE}.Debug|Any CPU.Build.0 = Debug|Any CPU
		{55E1A97B-2B3C-4606-8E13-4C0BB5ED6ADE}.Release|Any CPU.ActiveCfg = Release|Any CPU
		{55E1A97B-2B3C-4606-8E13-4C0BB5ED6ADE}.Release|Any CPU.Build.0 = Release|Any CPU
	EndGlobalSection
	GlobalSection(SolutionProperties) = preSolution
		HideSolutionNode = FALSE
	EndGlobalSection
	GlobalSection(NestedProjects) = preSolution
		{4D6E8A7B-F6B3-4537-B0F8-253435E09388} = {316126FB-31AD-403A-B600-CF5DC5489D43}
		{0A15F40A-79B7-4DE1-BF8E-0FA7E34DD7A6} = {4D6E8A7B-F6B3-4537-B0F8-253435E09388}
		{4E35589F-5912-4F50-85F2-1909246512CD} = {316126FB-31AD-403A-B600-CF5DC5489D43}
		{F7AD40E6-E650-419A-8A5F-428BB5C6D369} = {4E35589F-5912-4F50-85F2-1909246512CD}
		{80F404A3-FB48-4B58-A2FE-0C955B783792} = {4D6E8A7B-F6B3-4537-B0F8-253435E09388}
		{168A977F-1C01-4D46-B4D1-E9B933F13354} = {4D6E8A7B-F6B3-4537-B0F8-253435E09388}
		{0096D5BE-64E1-42FB-9A79-4550FD1D54F3} = {4E35589F-5912-4F50-85F2-1909246512CD}
		{2A18E65F-1D92-4ECA-96CC-926D5628CE54} = {4E35589F-5912-4F50-85F2-1909246512CD}
		{55E1A97B-2B3C-4606-8E13-4C0BB5ED6ADE} = {4E35589F-5912-4F50-85F2-1909246512CD}
	EndGlobalSection
	GlobalSection(ExtensibilityGlobals) = postSolution
		SolutionGuid = {B4A5CA09-D8B5-43B6-BB96-97B00B1EC94A}
	EndGlobalSection
EndGlobal
